
Microsoft Visual Studio Solution File, Format Version 12.00
# Visual Studio Version 17
VisualStudioVersion = 17.3.32901.215
MinimumVisualStudioVersion = 10.0.40219.1
Project("{FAE04EC0-301F-11D3-BF4B-00C04F79EFBC}") = "XO", "XO\XO.csproj", "{642F08E9-BD8A-4479-B673-B439CFDB5265}"
EndProject
Global
	GlobalSection(SolutionConfigurationPlatforms) = preSolution
		Debug|Any CPU = Debug|Any CPU
		Release|Any CPU = Release|Any CPU
	EndGlobalSection
	GlobalSection(ProjectConfigurationPlatforms) = postSolution
		{642F08E9-BD8A-4479-B673-B439CFDB5265}.Debug|Any CPU.ActiveCfg = Debug|Any CPU
		{642F08E9-BD8A-4479-B673-B439CFDB5265}.Debug|Any CPU.Build.0 = Debug|Any CPU
		{642F08E9-BD8A-4479-B673-B439CFDB5265}.Release|Any CPU.ActiveCfg = Release|Any CPU
		{642F08E9-BD8A-4479-B673-B439CFDB5265}.Release|Any CPU.Build.0 = Release|Any CPU
	EndGlobalSection
	GlobalSection(SolutionProperties) = preSolution
		HideSolutionNode = FALSE
	EndGlobalSection
	GlobalSection(ExtensibilityGlobals) = postSolution
		SolutionGuid = {38A84DA4-1CD8-47D5-B947-F55EE1EC8568}
	EndGlobalSection
EndGlobal
